{
    "_meta": {
        "hash": {
            "sha256": "b0c082baa1e526f740e3335cb191a282347d47f0170f1fb2a83b1baf0c6b4efb"
        },
        "pipfile-spec": 6,
        "requires": {
            "python_version": "2.7"
        },
        "sources": [
            {
                "name": "pypi",
                "url": "https://pypi.org/simple",
                "verify_ssl": true
            }
        ]
    },
    "default": {
        "django": {
            "hashes": [
                "sha256:d4ef83bd326573c00972cb9429beb396d210341a636e4b816fc9b3f505c498bb",
                "sha256:ffdc7e938391ae3c2ee8ff82e0b4444e4e6bb15c99d00770285233d42aaf33d6"
            ],
            "index": "pypi",
            "version": "==1.10.8"
        }
    },
    "develop": {}
}
